
Microsoft Visual Studio Solution File, Format Version 12.00
# Visual Studio Version 16
VisualStudioVersion = 16.0.29709.97
MinimumVisualStudioVersion = 10.0.40219.1
Project("{FAE04EC0-301F-11D3-BF4B-00C04F79EFBC}") = "MyFirstConsoleApp", "MyFirstConsoleApp\MyFirstConsoleApp.csproj", "{41F39BA4-7DAD-4411-8E1E-F8ECD5B9AC40}"
EndProject
Global
	GlobalSection(SolutionConfigurationPlatforms) = preSolution
		Debug|Any CPU = Debug|Any CPU
		Release|Any CPU = Release|Any CPU
	EndGlobalSection
	GlobalSection(ProjectConfigurationPlatforms) = postSolution
		{41F39BA4-7DAD-4411-8E1E-F8ECD5B9AC40}.Debug|Any CPU.ActiveCfg = Debug|Any CPU
		{41F39BA4-7DAD-4411-8E1E-F8ECD5B9AC40}.Debug|Any CPU.Build.0 = Debug|Any CPU
		{41F39BA4-7DAD-4411-8E1E-F8ECD5B9AC40}.Release|Any CPU.ActiveCfg = Release|Any CPU
		{41F39BA4-7DAD-4411-8E1E-F8ECD5B9AC40}.Release|Any CPU.Build.0 = Release|Any CPU
	EndGlobalSection
	GlobalSection(SolutionProperties) = preSolution
		HideSolutionNode = FALSE
	EndGlobalSection
	GlobalSection(ExtensibilityGlobals) = postSolution
		SolutionGuid = {BD560124-7B50-4DDD-9D6C-59DEF96CEBF6}
	EndGlobalSection
EndGlobal
